
Microsoft Visual Studio Solution File, Format Version 12.00
# Visual Studio Version 16
VisualStudioVersion = 16.0.28803.156
MinimumVisualStudioVersion = 10.0.40219.1
Project("{FAE04EC0-301F-11D3-BF4B-00C04F79EFBC}") = "FullWOTDocumentation", "FullWOTDocumentation\FullWOTDocumentation.csproj", "{432F6708-3363-4EB8-8F22-666C1D416BBB}"
EndProject
Global
	GlobalSection(SolutionConfigurationPlatforms) = preSolution
		Debug|Any CPU = Debug|Any CPU
		Release|Any CPU = Release|Any CPU
	EndGlobalSection
	GlobalSection(ProjectConfigurationPlatforms) = postSolution
		{432F6708-3363-4EB8-8F22-666C1D416BBB}.Debug|Any CPU.ActiveCfg = Debug|Any CPU
		{432F6708-3363-4EB8-8F22-666C1D416BBB}.Debug|Any CPU.Build.0 = Debug|Any CPU
		{432F6708-3363-4EB8-8F22-666C1D416BBB}.Release|Any CPU.ActiveCfg = Release|Any CPU
		{432F6708-3363-4EB8-8F22-666C1D416BBB}.Release|Any CPU.Build.0 = Release|Any CPU
	EndGlobalSection
	GlobalSection(SolutionProperties) = preSolution
		HideSolutionNode = FALSE
	EndGlobalSection
	GlobalSection(ExtensibilityGlobals) = postSolution
		SolutionGuid = {FF4A183B-A37A-479A-89DB-62E03733C95A}
	EndGlobalSection
EndGlobal
